github.com/go-chi/chi/v5 v5.1.0 h1:acVI1TYaD+hhedDJ3r54HyA6sExp3HfXq7QWEEY/xMw=
github.com/go-chi/chi/v5 v5.1.0/go.mod h1:DslCQbL2OYiznFReuXYUmQ2hGd1aDpCnlMNITLSKoi8=
github.com/maragudk/is v0.1.0 h1:obq9anZNmOYcaNbeT0LMyjIexdNeYTw/TLAPD/BnZHA=
github.com/maragudk/is v0.1.0/go.mod h1:W/r6+TpnISu+a88OLXQy5JQGCOhXQXXLD2e5b4xMn5c=
github.com/mitchellh/mapstructure v1.5.0 h1:jeMsZIYE/09sWLaz43PL7Gy6RuMjD2eJVyuac5Z2hdY=
github.com/mitchellh/mapstructure v1.5.0/go.mod h1:bFUtVrKA4DC2yAKiSyO/QUcy7e+RRV2QTWOzhPopBRo=
golang.org/x/sync v0.8.0 h1:3NFvSEYkUoMifnESzZl15y791HH1qU2xm6eCJU5ZPXQ=
golang.org/x/sync v0.8.0/go.mod h1:Czt+wKu1gCyEFDUtn0jG5QVvpJ6rzVqr5aXyt9drQfk=
maragu.dev/env v0.2.0 h1:nQKitDEB65ArZsh6E7vxzodOqY9bxEVFdBg+tskS1ys=
maragu.dev/env v0.2.0/go.mod h1:t5CCbaEnjCM5mewiAVVzTS4N+oXTus2+SRnzKQbQVME=
maragu.dev/gomponents v1.0.0 h1:eeLScjq4PqP1l+r5z/GC+xXZhLHXa6RWUWGW7gSfLh4=
maragu.dev/gomponents v1.0.0/go.mod h1:oEDahza2gZoXDoDHhw8jBNgH+3UR5ni7Ur648HORydM=
maragu.dev/gomponents-htmx v0.6.1 h1:vXXOkvqEDKYxSwD1UwqmVp12YwFSuM6u8lsRn7Evyng=
maragu.dev/gomponents-htmx v0.6.1/go.mod h1:51nXX+dTGff3usM7AJvbeOcQjzjpSycod+60CYeEP/M=
maragu.dev/httph v0.3.3 h1:YfOKkqwmAJykOENmxeoCmYY+firwPEpv4aIY7gDCTsc=
maragu.dev/httph v0.3.3/go.mod h1:EaoadbqczoICEGrtKrtlb1KD6gj6m65en3Wt2OchlJ0=
maragu.dev/is v0.2.0 h1:poeuVEA5GG3vrDpGmzo2KjWtIMZmqUyvGnOB0/pemig=
maragu.dev/is v0.2.0/go.mod h1:bviaM5S0fBshCw7wuumFGTju/izopZ/Yvq4g7Klc7y8=
